
Microsoft Visual Studio Solution File, Format Version 12.00
# Visual Studio Version 17
VisualStudioVersion = 17.0.31903.59
MinimumVisualStudioVersion = 10.0.40219.1
Project("{FAE04EC0-301F-11D3-BF4B-00C04F79EFBC}") = "InterfaceEngine", "InterfaceEngine\InterfaceEngine.csproj", "{A5CFA5C1-D87A-4FF5-9C4B-66E135EC9255}"
EndProject
Global
	GlobalSection(SolutionConfigurationPlatforms) = preSolution
		Debug|Any CPU = Debug|Any CPU
		Release|Any CPU = Release|Any CPU
	EndGlobalSection
	GlobalSection(ProjectConfigurationPlatforms) = postSolution
		{A5CFA5C1-D87A-4FF5-9C4B-66E135EC9255}.Debug|Any CPU.ActiveCfg = Debug|Any CPU
		{A5CFA5C1-D87A-4FF5-9C4B-66E135EC9255}.Debug|Any CPU.Build.0 = Debug|Any CPU
		{A5CFA5C1-D87A-4FF5-9C4B-66E135EC9255}.Release|Any CPU.ActiveCfg = Release|Any CPU
		{A5CFA5C1-D87A-4FF5-9C4B-66E135EC9255}.Release|Any CPU.Build.0 = Release|Any CPU
	EndGlobalSection
	GlobalSection(SolutionProperties) = preSolution
		HideSolutionNode = FALSE
	EndGlobalSection
	GlobalSection(ExtensibilityGlobals) = postSolution
		SolutionGuid = {66F0458A-A76B-4BA2-B34B-6B33601B43C8}
	EndGlobalSection
EndGlobal
